
Microsoft Visual Studio Solution File, Format Version 12.00
# Visual Studio Version 16
VisualStudioVersion = 16.0.28803.156
MinimumVisualStudioVersion = 10.0.40219.1
Project("{FAE04EC0-301F-11D3-BF4B-00C04F79EFBC}") = "RoomieReloaded", "RoomieReloaded\RoomieReloaded.csproj", "{DC38FFA5-12AB-4AA9-BAF2-6031BD7914E3}"
EndProject
Project("{FAE04EC0-301F-11D3-BF4B-00C04F79EFBC}") = "RoomieReloaded.UnitTests", "RoomieReloaded.UnitTests\RoomieReloaded.UnitTests.csproj", "{390BD442-E64E-4733-8B26-0923437D3F4B}"
EndProject
Global
	GlobalSection(SolutionConfigurationPlatforms) = preSolution
		Debug|Any CPU = Debug|Any CPU
		Release|Any CPU = Release|Any CPU
	EndGlobalSection
	GlobalSection(ProjectConfigurationPlatforms) = postSolution
		{DC38FFA5-12AB-4AA9-BAF2-6031BD7914E3}.Debug|Any CPU.ActiveCfg = Debug|Any CPU
		{DC38FFA5-12AB-4AA9-BAF2-6031BD7914E3}.Debug|Any CPU.Build.0 = Debug|Any CPU
		{DC38FFA5-12AB-4AA9-BAF2-6031BD7914E3}.Release|Any CPU.ActiveCfg = Release|Any CPU
		{DC38FFA5-12AB-4AA9-BAF2-6031BD7914E3}.Release|Any CPU.Build.0 = Release|Any CPU
		{390BD442-E64E-4733-8B26-0923437D3F4B}.Debug|Any CPU.ActiveCfg = Debug|Any CPU
		{390BD442-E64E-4733-8B26-0923437D3F4B}.Debug|Any CPU.Build.0 = Debug|Any CPU
		{390BD442-E64E-4733-8B26-0923437D3F4B}.Release|Any CPU.ActiveCfg = Release|Any CPU
		{390BD442-E64E-4733-8B26-0923437D3F4B}.Release|Any CPU.Build.0 = Release|Any CPU
	EndGlobalSection
	GlobalSection(SolutionProperties) = preSolution
		HideSolutionNode = FALSE
	EndGlobalSection
	GlobalSection(ExtensibilityGlobals) = postSolution
		SolutionGuid = {7AF81458-FFDE-42BA-83F6-0D3249239B26}
	EndGlobalSection
EndGlobal
